
Microsoft Visual Studio Solution File, Format Version 12.00
# Visual Studio Version 16
VisualStudioVersion = 16.0.31005.135
MinimumVisualStudioVersion = 10.0.40219.1
Project("{9A19103F-16F7-4668-BE54-9A1E7A4F7556}") = "Metronome.UI", "Metronome.UI\Metronome.UI.csproj", "{5A0F923D-2B64-4D7D-B726-FE97AF6BB56F}"
EndProject
Project("{9A19103F-16F7-4668-BE54-9A1E7A4F7556}") = "Metronome.Logic", "Metronome.Logic\Metronome.Logic.csproj", "{A5DD4B80-3AE5-4F5B-9E4F-3DE2F6725A9D}"
EndProject
Project("{FAE04EC0-301F-11D3-BF4B-00C04F79EFBC}") = "Metronome.Logic.Implementation", "Metronome.Logic.Implementation\Metronome.Logic.Implementation.csproj", "{0EE6466D-4F1E-4903-9932-ADB1AB090A99}"
EndProject
Global
	GlobalSection(SolutionConfigurationPlatforms) = preSolution
		Debug|Any CPU = Debug|Any CPU
		Release|Any CPU = Release|Any CPU
	EndGlobalSection
	GlobalSection(ProjectConfigurationPlatforms) = postSolution
		{5A0F923D-2B64-4D7D-B726-FE97AF6BB56F}.Debug|Any CPU.ActiveCfg = Debug|Any CPU
		{5A0F923D-2B64-4D7D-B726-FE97AF6BB56F}.Debug|Any CPU.Build.0 = Debug|Any CPU
		{5A0F923D-2B64-4D7D-B726-FE97AF6BB56F}.Release|Any CPU.ActiveCfg = Release|Any CPU
		{5A0F923D-2B64-4D7D-B726-FE97AF6BB56F}.Release|Any CPU.Build.0 = Release|Any CPU
		{A5DD4B80-3AE5-4F5B-9E4F-3DE2F6725A9D}.Debug|Any CPU.ActiveCfg = Debug|Any CPU
		{A5DD4B80-3AE5-4F5B-9E4F-3DE2F6725A9D}.Debug|Any CPU.Build.0 = Debug|Any CPU
		{A5DD4B80-3AE5-4F5B-9E4F-3DE2F6725A9D}.Release|Any CPU.ActiveCfg = Release|Any CPU
		{A5DD4B80-3AE5-4F5B-9E4F-3DE2F6725A9D}.Release|Any CPU.Build.0 = Release|Any CPU
		{0EE6466D-4F1E-4903-9932-ADB1AB090A99}.Debug|Any CPU.ActiveCfg = Debug|Any CPU
		{0EE6466D-4F1E-4903-9932-ADB1AB090A99}.Debug|Any CPU.Build.0 = Debug|Any CPU
		{0EE6466D-4F1E-4903-9932-ADB1AB090A99}.Release|Any CPU.ActiveCfg = Release|Any CPU
		{0EE6466D-4F1E-4903-9932-ADB1AB090A99}.Release|Any CPU.Build.0 = Release|Any CPU
	EndGlobalSection
	GlobalSection(SolutionProperties) = preSolution
		HideSolutionNode = FALSE
	EndGlobalSection
	GlobalSection(ExtensibilityGlobals) = postSolution
		SolutionGuid = {036D9F99-95AB-4C51-ADB0-C7B27AEB6247}
	EndGlobalSection
EndGlobal
